// !$*UTF8*$!
{
	archiveVersion = 1;
	classes = {
	};
	objectVersion = 56;
	objects = {

/* Begin PBXBuildFile section */
		32151F6929D0772600902B2B /* AppDelegate.swift in Sources */ = {isa = PBXBuildFile; fileRef = 32151F6829D0772600902B2B /* AppDelegate.swift */; };
		32151F6B29D0772600902B2B /* SceneDelegate.swift in Sources */ = {isa = PBXBuildFile; fileRef = 32151F6A29D0772600902B2B /* SceneDelegate.swift */; };
		32151F7029D0772600902B2B /* Main.storyboard in Resources */ = {isa = PBXBuildFile; fileRef = 32151F6E29D0772600902B2B /* Main.storyboard */; };
		32151F7229D0772700902B2B /* Assets.xcassets in Resources */ = {isa = PBXBuildFile; fileRef = 32151F7129D0772700902B2B /* Assets.xcassets */; };
		32151F7529D0772700902B2B /* LaunchScreen.storyboard in Resources */ = {isa = PBXBuildFile; fileRef = 32151F7329D0772700902B2B /* LaunchScreen.storyboard */; };
		32151F8329D07C4200902B2B /* RepositoriesListViewController.swift in Sources */ = {isa = PBXBuildFile; fileRef = 32151F8129D07C4200902B2B /* RepositoriesListViewController.swift */; };
		32151F8429D07C4200902B2B /* RepositoriesListViewController.xib in Resources */ = {isa = PBXBuildFile; fileRef = 32151F8229D07C4200902B2B /* RepositoriesListViewController.xib */; };
		32151F8829D07C9700902B2B /* RepositoryItemTableViewCell.swift in Sources */ = {isa = PBXBuildFile; fileRef = 32151F8629D07C9700902B2B /* RepositoryItemTableViewCell.swift */; };
		32151F8929D07C9700902B2B /* RepositoryItemTableViewCell.xib in Resources */ = {isa = PBXBuildFile; fileRef = 32151F8729D07C9700902B2B /* RepositoryItemTableViewCell.xib */; };
		32151F8C29D0812B00902B2B /* UITableView + Extension.swift in Sources */ = {isa = PBXBuildFile; fileRef = 32151F8B29D0812A00902B2B /* UITableView + Extension.swift */; };
		32151F8E29D0813600902B2B /* UIControl+Publisher.swift in Sources */ = {isa = PBXBuildFile; fileRef = 32151F8D29D0813600902B2B /* UIControl+Publisher.swift */; };
		32151F9029D0813D00902B2B /* UITextField+Publisher.swift in Sources */ = {isa = PBXBuildFile; fileRef = 32151F8F29D0813D00902B2B /* UITextField+Publisher.swift */; };
		32151F9329D083B000902B2B /* APIClient.swift in Sources */ = {isa = PBXBuildFile; fileRef = 32151F9229D083B000902B2B /* APIClient.swift */; };
		32151F9529D0843E00902B2B /* APIPaths.swift in Sources */ = {isa = PBXBuildFile; fileRef = 32151F9429D0843E00902B2B /* APIPaths.swift */; };
		32151F9729D0846E00902B2B /* Constants.swift in Sources */ = {isa = PBXBuildFile; fileRef = 32151F9629D0846E00902B2B /* Constants.swift */; };
/* End PBXBuildFile section */

/* Begin PBXFileReference section */
		32151F6529D0772600902B2B /* RobustaTaskIOS.app */ = {isa = PBXFileReference; explicitFileType = wrapper.application; includeInIndex = 0; path = RobustaTaskIOS.app; sourceTree = BUILT_PRODUCTS_DIR; };
		32151F6829D0772600902B2B /* AppDelegate.swift */ = {isa = PBXFileReference; lastKnownFileType = sourcecode.swift; path = AppDelegate.swift; sourceTree = "<group>"; };
		32151F6A29D0772600902B2B /* SceneDelegate.swift */ = {isa = PBXFileReference; lastKnownFileType = sourcecode.swift; path = SceneDelegate.swift; sourceTree = "<group>"; };
		32151F6F29D0772600902B2B /* Base */ = {isa = PBXFileReference; lastKnownFileType = file.storyboard; name = Base; path = Base.lproj/Main.storyboard; sourceTree = "<group>"; };
		32151F7129D0772700902B2B /* Assets.xcassets */ = {isa = PBXFileReference; lastKnownFileType = folder.assetcatalog; path = Assets.xcassets; sourceTree = "<group>"; };
		32151F7429D0772700902B2B /* Base */ = {isa = PBXFileReference; lastKnownFileType = file.storyboard; name = Base; path = Base.lproj/LaunchScreen.storyboard; sourceTree = "<group>"; };
		32151F7629D0772700902B2B /* Info.plist */ = {isa = PBXFileReference; lastKnownFileType = text.plist.xml; path = Info.plist; sourceTree = "<group>"; };
		32151F8129D07C4200902B2B /* RepositoriesListViewController.swift */ = {isa = PBXFileReference; lastKnownFileType = sourcecode.swift; path = RepositoriesListViewController.swift; sourceTree = "<group>"; };
		32151F8229D07C4200902B2B /* RepositoriesListViewController.xib */ = {isa = PBXFileReference; lastKnownFileType = file.xib; path = RepositoriesListViewController.xib; sourceTree = "<group>"; };
		32151F8629D07C9700902B2B /* RepositoryItemTableViewCell.swift */ = {isa = PBXFileReference; lastKnownFileType = sourcecode.swift; path = RepositoryItemTableViewCell.swift; sourceTree = "<group>"; };
		32151F8729D07C9700902B2B /* RepositoryItemTableViewCell.xib */ = {isa = PBXFileReference; lastKnownFileType = file.xib; path = RepositoryItemTableViewCell.xib; sourceTree = "<group>"; };
		32151F8B29D0812A00902B2B /* UITableView + Extension.swift */ = {isa = PBXFileReference; fileEncoding = 4; lastKnownFileType = sourcecode.swift; path = "UITableView + Extension.swift"; sourceTree = "<group>"; };
		32151F8D29D0813600902B2B /* UIControl+Publisher.swift */ = {isa = PBXFileReference; fileEncoding = 4; lastKnownFileType = sourcecode.swift; path = "UIControl+Publisher.swift"; sourceTree = "<group>"; };
		32151F8F29D0813D00902B2B /* UITextField+Publisher.swift */ = {isa = PBXFileReference; fileEncoding = 4; lastKnownFileType = sourcecode.swift; path = "UITextField+Publisher.swift"; sourceTree = "<group>"; };
		32151F9229D083B000902B2B /* APIClient.swift */ = {isa = PBXFileReference; lastKnownFileType = sourcecode.swift; path = APIClient.swift; sourceTree = "<group>"; };
		32151F9429D0843E00902B2B /* APIPaths.swift */ = {isa = PBXFileReference; lastKnownFileType = sourcecode.swift; path = APIPaths.swift; sourceTree = "<group>"; };
		32151F9629D0846E00902B2B /* Constants.swift */ = {isa = PBXFileReference; lastKnownFileType = sourcecode.swift; path = Constants.swift; sourceTree = "<group>"; };
/* End PBXFileReference section */

/* Begin PBXFrameworksBuildPhase section */
		32151F6229D0772600902B2B /* Frameworks */ = {
			isa = PBXFrameworksBuildPhase;
			buildActionMask = 2147483647;
			files = (
			);
			runOnlyForDeploymentPostprocessing = 0;
		};
/* End PBXFrameworksBuildPhase section */

/* Begin PBXGroup section */
		32151F5C29D0772600902B2B = {
			isa = PBXGroup;
			children = (
				32151F6729D0772600902B2B /* RobustaTaskIOS */,
				32151F6629D0772600902B2B /* Products */,
			);
			sourceTree = "<group>";
		};
		32151F6629D0772600902B2B /* Products */ = {
			isa = PBXGroup;
			children = (
				32151F6529D0772600902B2B /* RobustaTaskIOS.app */,
			);
			name = Products;
			sourceTree = "<group>";
		};
		32151F6729D0772600902B2B /* RobustaTaskIOS */ = {
			isa = PBXGroup;
			children = (
				32151F9129D083A100902B2B /* NetworkLayer */,
				32151F8A29D0812100902B2B /* Extensions */,
				32151F7E29D07B0100902B2B /* Scenes */,
				32151F7D29D07AB300902B2B /* Resources */,
				32151F7C29D07AA800902B2B /* App */,
				32151F7629D0772700902B2B /* Info.plist */,
			);
			path = RobustaTaskIOS;
			sourceTree = "<group>";
		};
		32151F7C29D07AA800902B2B /* App */ = {
			isa = PBXGroup;
			children = (
				32151F6A29D0772600902B2B /* SceneDelegate.swift */,
				32151F6829D0772600902B2B /* AppDelegate.swift */,
			);
			path = App;
			sourceTree = "<group>";
		};
		32151F7D29D07AB300902B2B /* Resources */ = {
			isa = PBXGroup;
			children = (
				32151F6E29D0772600902B2B /* Main.storyboard */,
				32151F7129D0772700902B2B /* Assets.xcassets */,
				32151F7329D0772700902B2B /* LaunchScreen.storyboard */,
			);
			path = Resources;
			sourceTree = "<group>";
		};
		32151F7E29D07B0100902B2B /* Scenes */ = {
			isa = PBXGroup;
			children = (
				32151F8029D07C1F00902B2B /* RepositoriesList */,
			);
			path = Scenes;
			sourceTree = "<group>";
		};
		32151F8029D07C1F00902B2B /* RepositoriesList */ = {
			isa = PBXGroup;
			children = (
				32151F8529D07C8000902B2B /* Cell */,
				32151F8129D07C4200902B2B /* RepositoriesListViewController.swift */,
				32151F8229D07C4200902B2B /* RepositoriesListViewController.xib */,
			);
			path = RepositoriesList;
			sourceTree = "<group>";
		};
		32151F8529D07C8000902B2B /* Cell */ = {
			isa = PBXGroup;
			children = (
				32151F8629D07C9700902B2B /* RepositoryItemTableViewCell.swift */,
				32151F8729D07C9700902B2B /* RepositoryItemTableViewCell.xib */,
			);
			path = Cell;
			sourceTree = "<group>";
		};
		32151F8A29D0812100902B2B /* Extensions */ = {
			isa = PBXGroup;
			children = (
				32151F8F29D0813D00902B2B /* UITextField+Publisher.swift */,
				32151F8D29D0813600902B2B /* UIControl+Publisher.swift */,
				32151F8B29D0812A00902B2B /* UITableView + Extension.swift */,
			);
			path = Extensions;
			sourceTree = "<group>";
		};
		32151F9129D083A100902B2B /* NetworkLayer */ = {
			isa = PBXGroup;
			children = (
				32151F9229D083B000902B2B /* APIClient.swift */,
				32151F9429D0843E00902B2B /* APIPaths.swift */,
				32151F9629D0846E00902B2B /* Constants.swift */,
			);
			path = NetworkLayer;
			sourceTree = "<group>";
		};
/* End PBXGroup section */

/* Begin PBXNativeTarget section */
		32151F6429D0772600902B2B /* RobustaTaskIOS */ = {
			isa = PBXNativeTarget;
			buildConfigurationList = 32151F7929D0772700902B2B /* Build configuration list for PBXNativeTarget "RobustaTaskIOS" */;
			buildPhases = (
				32151F6129D0772600902B2B /* Sources */,
				32151F6229D0772600902B2B /* Frameworks */,
				32151F6329D0772600902B2B /* Resources */,
			);
			buildRules = (
			);
			dependencies = (
			);
			name = RobustaTaskIOS;
			productName = RobustaTaskIOS;
			productReference = 32151F6529D0772600902B2B /* RobustaTaskIOS.app */;
			productType = "com.apple.product-type.application";
		};
/* End PBXNativeTarget section */

/* Begin PBXProject section */
		32151F5D29D0772600902B2B /* Project object */ = {
			isa = PBXProject;
			attributes = {
				BuildIndependentTargetsInParallel = 1;
				LastSwiftUpdateCheck = 1400;
				LastUpgradeCheck = 1400;
				TargetAttributes = {
					32151F6429D0772600902B2B = {
						CreatedOnToolsVersion = 14.0.1;
					};
				};
			};
			buildConfigurationList = 32151F6029D0772600902B2B /* Build configuration list for PBXProject "RobustaTaskIOS" */;
			compatibilityVersion = "Xcode 14.0";
			developmentRegion = en;
			hasScannedForEncodings = 0;
			knownRegions = (
				en,
				Base,
			);
			mainGroup = 32151F5C29D0772600902B2B;
			productRefGroup = 32151F6629D0772600902B2B /* Products */;
			projectDirPath = "";
			projectRoot = "";
			targets = (
				32151F6429D0772600902B2B /* RobustaTaskIOS */,
			);
		};
/* End PBXProject section */

/* Begin PBXResourcesBuildPhase section */
		32151F6329D0772600902B2B /* Resources */ = {
			isa = PBXResourcesBuildPhase;
			buildActionMask = 2147483647;
			files = (
				32151F7529D0772700902B2B /* LaunchScreen.storyboard in Resources */,
				32151F7229D0772700902B2B /* Assets.xcassets in Resources */,
				32151F8429D07C4200902B2B /* RepositoriesListViewController.xib in Resources */,
				32151F7029D0772600902B2B /* Main.storyboard in Resources */,
				32151F8929D07C9700902B2B /* RepositoryItemTableViewCell.xib in Resources */,
			);
			runOnlyForDeploymentPostprocessing = 0;
		};
/* End PBXResourcesBuildPhase section */

/* Begin PBXSourcesBuildPhase section */
		32151F6129D0772600902B2B /* Sources */ = {
			isa = PBXSourcesBuildPhase;
			buildActionMask = 2147483647;
			files = (
				32151F8E29D0813600902B2B /* UIControl+Publisher.swift in Sources */,
				32151F8329D07C4200902B2B /* RepositoriesListViewController.swift in Sources */,
				32151F6929D0772600902B2B /* AppDelegate.swift in Sources */,
				32151F9329D083B000902B2B /* APIClient.swift in Sources */,
				32151F8829D07C9700902B2B /* RepositoryItemTableViewCell.swift in Sources */,
				32151F9729D0846E00902B2B /* Constants.swift in Sources */,
				32151F9529D0843E00902B2B /* APIPaths.swift in Sources */,
				32151F9029D0813D00902B2B /* UITextField+Publisher.swift in Sources */,
				32151F8C29D0812B00902B2B /* UITableView + Extension.swift in Sources */,
				32151F6B29D0772600902B2B /* SceneDelegate.swift in Sources */,
			);
			runOnlyForDeploymentPostprocessing = 0;
		};
/* End PBXSourcesBuildPhase section */

/* Begin PBXVariantGroup section */
		32151F6E29D0772600902B2B /* Main.storyboard */ = {
			isa = PBXVariantGroup;
			children = (
				32151F6F29D0772600902B2B /* Base */,
			);
			name = Main.storyboard;
			sourceTree = "<group>";
		};
		32151F7329D0772700902B2B /* LaunchScreen.storyboard */ = {
			isa = PBXVariantGroup;
			children = (
				32151F7429D0772700902B2B /* Base */,
			);
			name = LaunchScreen.storyboard;
			sourceTree = "<group>";
		};
/* End PBXVariantGroup section */

/* Begin XCBuildConfiguration section */
		32151F7729D0772700902B2B /* Debug */ = {
			isa = XCBuildConfiguration;
			buildSettings = {
				ALWAYS_SEARCH_USER_PATHS = NO;
				CLANG_ANALYZER_NONNULL = YES;
				CLANG_ANALYZER_NUMBER_OBJECT_CONVERSION = YES_AGGRESSIVE;
				CLANG_CXX_LANGUAGE_STANDARD = "gnu++20";
				CLANG_ENABLE_MODULES = YES;
				CLANG_ENABLE_OBJC_ARC = YES;
				CLANG_ENABLE_OBJC_WEAK = YES;
				CLANG_WARN_BLOCK_CAPTURE_AUTORELEASING = YES;
				CLANG_WARN_BOOL_CONVERSION = YES;
				CLANG_WARN_COMMA = YES;
				CLANG_WARN_CONSTANT_CONVERSION = YES;
				CLANG_WARN_DEPRECATED_OBJC_IMPLEMENTATIONS = YES;
				CLANG_WARN_DIRECT_OBJC_ISA_USAGE = YES_ERROR;
				CLANG_WARN_DOCUMENTATION_COMMENTS = YES;
				CLANG_WARN_EMPTY_BODY = YES;
				CLANG_WARN_ENUM_CONVERSION = YES;
				CLANG_WARN_INFINITE_RECURSION = YES;
				CLANG_WARN_INT_CONVERSION = YES;
				CLANG_WARN_NON_LITERAL_NULL_CONVERSION = YES;
				CLANG_WARN_OBJC_IMPLICIT_RETAIN_SELF = YES;
				CLANG_WARN_OBJC_LITERAL_CONVERSION = YES;
				CLANG_WARN_OBJC_ROOT_CLASS = YES_ERROR;
				CLANG_WARN_QUOTED_INCLUDE_IN_FRAMEWORK_HEADER = YES;
				CLANG_WARN_RANGE_LOOP_ANALYSIS = YES;
				CLANG_WARN_STRICT_PROTOTYPES = YES;
				CLANG_WARN_SUSPICIOUS_MOVE = YES;
				CLANG_WARN_UNGUARDED_AVAILABILITY = YES_AGGRESSIVE;
				CLANG_WARN_UNREACHABLE_CODE = YES;
				CLANG_WARN__DUPLICATE_METHOD_MATCH = YES;
				COPY_PHASE_STRIP = NO;
				DEBUG_INFORMATION_FORMAT = dwarf;
				ENABLE_STRICT_OBJC_MSGSEND = YES;
				ENABLE_TESTABILITY = YES;
				GCC_C_LANGUAGE_STANDARD = gnu11;
				GCC_DYNAMIC_NO_PIC = NO;
				GCC_NO_COMMON_BLOCKS = YES;
				GCC_OPTIMIZATION_LEVEL = 0;
				GCC_PREPROCESSOR_DEFINITIONS = (
					"DEBUG=1",
					"$(inherited)",
				);
				GCC_WARN_64_TO_32_BIT_CONVERSION = YES;
				GCC_WARN_ABOUT_RETURN_TYPE = YES_ERROR;
				GCC_WARN_UNDECLARED_SELECTOR = YES;
				GCC_WARN_UNINITIALIZED_AUTOS = YES_AGGRESSIVE;
				GCC_WARN_UNUSED_FUNCTION = YES;
				GCC_WARN_UNUSED_VARIABLE = YES;
				IPHONEOS_DEPLOYMENT_TARGET = 16.0;
				MTL_ENABLE_DEBUG_INFO = INCLUDE_SOURCE;
				MTL_FAST_MATH = YES;
				ONLY_ACTIVE_ARCH = YES;
				SDKROOT = iphoneos;
				SWIFT_ACTIVE_COMPILATION_CONDITIONS = DEBUG;
				SWIFT_OPTIMIZATION_LEVEL = "-Onone";
			};
			name = Debug;
		};
		32151F7829D0772700902B2B /* Release */ = {
			isa = XCBuildConfiguration;
			buildSettings = {
				ALWAYS_SEARCH_USER_PATHS = NO;
				CLANG_ANALYZER_NONNULL = YES;
				CLANG_ANALYZER_NUMBER_OBJECT_CONVERSION = YES_AGGRESSIVE;
				CLANG_CXX_LANGUAGE_STANDARD = "gnu++20";
				CLANG_ENABLE_MODULES = YES;
				CLANG_ENABLE_OBJC_ARC = YES;
				CLANG_ENABLE_OBJC_WEAK = YES;
				CLANG_WARN_BLOCK_CAPTURE_AUTORELEASING = YES;
				CLANG_WARN_BOOL_CONVERSION = YES;
				CLANG_WARN_COMMA = YES;
				CLANG_WARN_CONSTANT_CONVERSION = YES;
				CLANG_WARN_DEPRECATED_OBJC_IMPLEMENTATIONS = YES;
				CLANG_WARN_DIRECT_OBJC_ISA_USAGE = YES_ERROR;
				CLANG_WARN_DOCUMENTATION_COMMENTS = YES;
				CLANG_WARN_EMPTY_BODY = YES;
				CLANG_WARN_ENUM_CONVERSION = YES;
				CLANG_WARN_INFINITE_RECURSION = YES;
				CLANG_WARN_INT_CONVERSION = YES;
				CLANG_WARN_NON_LITERAL_NULL_CONVERSION = YES;
				CLANG_WARN_OBJC_IMPLICIT_RETAIN_SELF = YES;
				CLANG_WARN_OBJC_LITERAL_CONVERSION = YES;
				CLANG_WARN_OBJC_ROOT_CLASS = YES_ERROR;
				CLANG_WARN_QUOTED_INCLUDE_IN_FRAMEWORK_HEADER = YES;
				CLANG_WARN_RANGE_LOOP_ANALYSIS = YES;
				CLANG_WARN_STRICT_PROTOTYPES = YES;
				CLANG_WARN_SUSPICIOUS_MOVE = YES;
				CLANG_WARN_UNGUARDED_AVAILABILITY = YES_AGGRESSIVE;
				CLANG_WARN_UNREACHABLE_CODE = YES;
				CLANG_WARN__DUPLICATE_METHOD_MATCH = YES;
				COPY_PHASE_STRIP = NO;
				DEBUG_INFORMATION_FORMAT = "dwarf-with-dsym";
				ENABLE_NS_ASSERTIONS = NO;
				ENABLE_STRICT_OBJC_MSGSEND = YES;
				GCC_C_LANGUAGE_STANDARD = gnu11;
				GCC_NO_COMMON_BLOCKS = YES;
				GCC_WARN_64_TO_32_BIT_CONVERSION = YES;
				GCC_WARN_ABOUT_RETURN_TYPE = YES_ERROR;
				GCC_WARN_UNDECLARED_SELECTOR = YES;
				GCC_WARN_UNINITIALIZED_AUTOS = YES_AGGRESSIVE;
				GCC_WARN_UNUSED_FUNCTION = YES;
				GCC_WARN_UNUSED_VARIABLE = YES;
				IPHONEOS_DEPLOYMENT_TARGET = 16.0;
				MTL_ENABLE_DEBUG_INFO = NO;
				MTL_FAST_MATH = YES;
				SDKROOT = iphoneos;
				SWIFT_COMPILATION_MODE = wholemodule;
				SWIFT_OPTIMIZATION_LEVEL = "-O";
				VALIDATE_PRODUCT = YES;
			};
			name = Release;
		};
		32151F7A29D0772700902B2B /* Debug */ = {
			isa = XCBuildConfiguration;
			buildSettings = {
				ASSETCATALOG_COMPILER_APPICON_NAME = AppIcon;
				ASSETCATALOG_COMPILER_GLOBAL_ACCENT_COLOR_NAME = AccentColor;
				CODE_SIGN_STYLE = Automatic;
				CURRENT_PROJECT_VERSION = 1;
				DEVELOPMENT_TEAM = MLXYZ7TJ5Q;
				GENERATE_INFOPLIST_FILE = YES;
				INFOPLIST_FILE = RobustaTaskIOS/Info.plist;
				INFOPLIST_KEY_UIApplicationSupportsIndirectInputEvents = YES;
				INFOPLIST_KEY_UILaunchStoryboardName = LaunchScreen;
				INFOPLIST_KEY_UIMainStoryboardFile = Main;
				INFOPLIST_KEY_UISupportedInterfaceOrientations_iPad = "UIInterfaceOrientationPortrait UIInterfaceOrientationPortraitUpsideDown UIInterfaceOrientationLandscapeLeft UIInterfaceOrientationLandscapeRight";
				INFOPLIST_KEY_UISupportedInterfaceOrientations_iPhone = "UIInterfaceOrientationPortrait UIInterfaceOrientationLandscapeLeft UIInterfaceOrientationLandscapeRight";
				LD_RUNPATH_SEARCH_PATHS = (
					"$(inherited)",
					"@executable_path/Frameworks",
				);
				MARKETING_VERSION = 1.0;
				PRODUCT_BUNDLE_IDENTIFIER = ZyadGalal.RobustaTaskIOS;
				PRODUCT_NAME = "$(TARGET_NAME)";
				SWIFT_EMIT_LOC_STRINGS = YES;
				SWIFT_VERSION = 5.0;
				TARGETED_DEVICE_FAMILY = "1,2";
			};
			name = Debug;
		};
		32151F7B29D0772700902B2B /* Release */ = {
			isa = XCBuildConfiguration;
			buildSettings = {
				ASSETCATALOG_COMPILER_APPICON_NAME = AppIcon;
				ASSETCATALOG_COMPILER_GLOBAL_ACCENT_COLOR_NAME = AccentColor;
				CODE_SIGN_STYLE = Automatic;
				CURRENT_PROJECT_VERSION = 1;
				DEVELOPMENT_TEAM = MLXYZ7TJ5Q;
				GENERATE_INFOPLIST_FILE = YES;
				INFOPLIST_FILE = RobustaTaskIOS/Info.plist;
				INFOPLIST_KEY_UIApplicationSupportsIndirectInputEvents = YES;
				INFOPLIST_KEY_UILaunchStoryboardName = LaunchScreen;
				INFOPLIST_KEY_UIMainStoryboardFile = Main;
				INFOPLIST_KEY_UISupportedInterfaceOrientations_iPad = "UIInterfaceOrientationPortrait UIInterfaceOrientationPortraitUpsideDown UIInterfaceOrientationLandscapeLeft UIInterfaceOrientationLandscapeRight";
				INFOPLIST_KEY_UISupportedInterfaceOrientations_iPhone = "UIInterfaceOrientationPortrait UIInterfaceOrientationLandscapeLeft UIInterfaceOrientationLandscapeRight";
				LD_RUNPATH_SEARCH_PATHS = (
					"$(inherited)",
					"@executable_path/Frameworks",
				);
				MARKETING_VERSION = 1.0;
				PRODUCT_BUNDLE_IDENTIFIER = ZyadGalal.RobustaTaskIOS;
				PRODUCT_NAME = "$(TARGET_NAME)";
				SWIFT_EMIT_LOC_STRINGS = YES;
				SWIFT_VERSION = 5.0;
				TARGETED_DEVICE_FAMILY = "1,2";
			};
			name = Release;
		};
/* End XCBuildConfiguration section */

/* Begin XCConfigurationList section */
		32151F6029D0772600902B2B /* Build configuration list for PBXProject "RobustaTaskIOS" */ = {
			isa = XCConfigurationList;
			buildConfigurations = (
				32151F7729D0772700902B2B /* Debug */,
				32151F7829D0772700902B2B /* Release */,
			);
			defaultConfigurationIsVisible = 0;
			defaultConfigurationName = Release;
		};
		32151F7929D0772700902B2B /* Build configuration list for PBXNativeTarget "RobustaTaskIOS" */ = {
			isa = XCConfigurationList;
			buildConfigurations = (
				32151F7A29D0772700902B2B /* Debug */,
				32151F7B29D0772700902B2B /* Release */,
			);
			defaultConfigurationIsVisible = 0;
			defaultConfigurationName = Release;
		};
/* End XCConfigurationList section */
	};
	rootObject = 32151F5D29D0772600902B2B /* Project object */;
}
